
Microsoft Visual Studio Solution File, Format Version 12.00
# Visual Studio Version 17
VisualStudioVersion = 17.4.33205.214
MinimumVisualStudioVersion = 10.0.40219.1
Project("{FAE04EC0-301F-11D3-BF4B-00C04F79EFBC}") = "TestProject", "TestProject.csproj", "{8D1AB78A-201E-4FE2-9294-687E6F0DDFD2}"
EndProject
Global
	GlobalSection(SolutionConfigurationPlatforms) = preSolution
		Debug|Any CPU = Debug|Any CPU
		Release|Any CPU = Release|Any CPU
	EndGlobalSection
	GlobalSection(ProjectConfigurationPlatforms) = postSolution
		{8D1AB78A-201E-4FE2-9294-687E6F0DDFD2}.Debug|Any CPU.ActiveCfg = Debug|Any CPU
		{8D1AB78A-201E-4FE2-9294-687E6F0DDFD2}.Debug|Any CPU.Build.0 = Debug|Any CPU
		{8D1AB78A-201E-4FE2-9294-687E6F0DDFD2}.Release|Any CPU.ActiveCfg = Release|Any CPU
		{8D1AB78A-201E-4FE2-9294-687E6F0DDFD2}.Release|Any CPU.Build.0 = Release|Any CPU
	EndGlobalSection
	GlobalSection(SolutionProperties) = preSolution
		HideSolutionNode = FALSE
	EndGlobalSection
	GlobalSection(ExtensibilityGlobals) = postSolution
		SolutionGuid = {34C8CF1D-DE56-4743-BF54-B5CA9B251CBC}
	EndGlobalSection
EndGlobal
